
Microsoft Visual Studio Solution File, Format Version 12.00
# Visual Studio 15
Project("{FAE04EC0-301F-11D3-BF4B-00C04F79EFBC}") = "Assembly-CSharp", "Assembly-CSharp.csproj", "{65D10AE3-B8CE-9316-BFC3-69407CA9BCC4}"
EndProject
Project("{FAE04EC0-301F-11D3-BF4B-00C04F79EFBC}") = "Assembly-CSharp-Editor", "Assembly-CSharp-Editor.csproj", "{867C7765-9F0A-3192-FD67-8D4146F8BB11}"
EndProject
Global
	GlobalSection(SolutionConfigurationPlatforms) = preSolution
		Debug|Any CPU = Debug|Any CPU
		Release|Any CPU = Release|Any CPU
	EndGlobalSection
	GlobalSection(ProjectConfigurationPlatforms) = postSolution
		{65D10AE3-B8CE-9316-BFC3-69407CA9BCC4}.Debug|Any CPU.ActiveCfg = Debug|Any CPU
		{65D10AE3-B8CE-9316-BFC3-69407CA9BCC4}.Debug|Any CPU.Build.0 = Debug|Any CPU
		{65D10AE3-B8CE-9316-BFC3-69407CA9BCC4}.Release|Any CPU.ActiveCfg = Release|Any CPU
		{65D10AE3-B8CE-9316-BFC3-69407CA9BCC4}.Release|Any CPU.Build.0 = Release|Any CPU
		{867C7765-9F0A-3192-FD67-8D4146F8BB11}.Debug|Any CPU.ActiveCfg = Debug|Any CPU
		{867C7765-9F0A-3192-FD67-8D4146F8BB11}.Debug|Any CPU.Build.0 = Debug|Any CPU
		{867C7765-9F0A-3192-FD67-8D4146F8BB11}.Release|Any CPU.ActiveCfg = Release|Any CPU
		{867C7765-9F0A-3192-FD67-8D4146F8BB11}.Release|Any CPU.Build.0 = Release|Any CPU
	EndGlobalSection
	GlobalSection(SolutionProperties) = preSolution
		HideSolutionNode = FALSE
	EndGlobalSection
EndGlobal
